
Microsoft Visual Studio Solution File, Format Version 12.00
# Visual Studio 2015
Project("{FAE04EC0-301F-11D3-BF4B-00C04F79EFBC}") = "IslandHop", "IslandHop.csproj", "{C2D35521-9D56-0380-1F78-60323F7B6C32}"
EndProject
Global
	GlobalSection(SolutionConfigurationPlatforms) = preSolution
		Debug|Any CPU = Debug|Any CPU
		Release|Any CPU = Release|Any CPU
	EndGlobalSection
	GlobalSection(ProjectConfigurationPlatforms) = postSolution
		{C2D35521-9D56-0380-1F78-60323F7B6C32}.Debug|Any CPU.ActiveCfg = Debug|Any CPU
		{C2D35521-9D56-0380-1F78-60323F7B6C32}.Debug|Any CPU.Build.0 = Debug|Any CPU
		{C2D35521-9D56-0380-1F78-60323F7B6C32}.Release|Any CPU.ActiveCfg = Release|Any CPU
		{C2D35521-9D56-0380-1F78-60323F7B6C32}.Release|Any CPU.Build.0 = Release|Any CPU
	EndGlobalSection
	GlobalSection(SolutionProperties) = preSolution
		HideSolutionNode = FALSE
	EndGlobalSection
EndGlobal
